
Microsoft Visual Studio Solution File, Format Version 12.00
# Visual Studio Version 17
VisualStudioVersion = 17.14.36616.10
MinimumVisualStudioVersion = 10.0.40219.1
Project("{FAE04EC0-301F-11D3-BF4B-00C04F79EFBC}") = "Metods", "Metods.Modul-5\Metods.csproj", "{7D8D3985-673D-45A9-99C2-91279E6ADEDC}"
EndProject
Project("{FAE04EC0-301F-11D3-BF4B-00C04F79EFBC}") = "parametrs.Metods", "parametrs.Metods\parametrs.Metods.csproj", "{7C61B12F-F486-4FF4-816B-D2CA53CD32C6}"
EndProject
Global
	GlobalSection(SolutionConfigurationPlatforms) = preSolution
		Debug|Any CPU = Debug|Any CPU
		Release|Any CPU = Release|Any CPU
	EndGlobalSection
	GlobalSection(ProjectConfigurationPlatforms) = postSolution
		{7D8D3985-673D-45A9-99C2-91279E6ADEDC}.Debug|Any CPU.ActiveCfg = Debug|Any CPU
		{7D8D3985-673D-45A9-99C2-91279E6ADEDC}.Debug|Any CPU.Build.0 = Debug|Any CPU
		{7D8D3985-673D-45A9-99C2-91279E6ADEDC}.Release|Any CPU.ActiveCfg = Release|Any CPU
		{7D8D3985-673D-45A9-99C2-91279E6ADEDC}.Release|Any CPU.Build.0 = Release|Any CPU
		{7C61B12F-F486-4FF4-816B-D2CA53CD32C6}.Debug|Any CPU.ActiveCfg = Debug|Any CPU
		{7C61B12F-F486-4FF4-816B-D2CA53CD32C6}.Debug|Any CPU.Build.0 = Debug|Any CPU
		{7C61B12F-F486-4FF4-816B-D2CA53CD32C6}.Release|Any CPU.ActiveCfg = Release|Any CPU
		{7C61B12F-F486-4FF4-816B-D2CA53CD32C6}.Release|Any CPU.Build.0 = Release|Any CPU
	EndGlobalSection
	GlobalSection(SolutionProperties) = preSolution
		HideSolutionNode = FALSE
	EndGlobalSection
	GlobalSection(ExtensibilityGlobals) = postSolution
		SolutionGuid = {76CCBD77-3545-40B9-B73C-941ECA4EE0AE}
	EndGlobalSection
EndGlobal
